
Microsoft Visual Studio Solution File, Format Version 12.00
# Visual Studio Version 16
VisualStudioVersion = 16.0.31005.135
MinimumVisualStudioVersion = 10.0.40219.1
Project("{FAE04EC0-301F-11D3-BF4B-00C04F79EFBC}") = "ValheimClient", "ValheimClient\ValheimClient.csproj", "{BFF7FB77-FCE2-4130-972A-47A3834F8D0B}"
EndProject
Global
	GlobalSection(SolutionConfigurationPlatforms) = preSolution
		Debug|Any CPU = Debug|Any CPU
		Release|Any CPU = Release|Any CPU
	EndGlobalSection
	GlobalSection(ProjectConfigurationPlatforms) = postSolution
		{BFF7FB77-FCE2-4130-972A-47A3834F8D0B}.Debug|Any CPU.ActiveCfg = Debug|Any CPU
		{BFF7FB77-FCE2-4130-972A-47A3834F8D0B}.Debug|Any CPU.Build.0 = Debug|Any CPU
		{BFF7FB77-FCE2-4130-972A-47A3834F8D0B}.Release|Any CPU.ActiveCfg = Release|Any CPU
		{BFF7FB77-FCE2-4130-972A-47A3834F8D0B}.Release|Any CPU.Build.0 = Release|Any CPU
	EndGlobalSection
	GlobalSection(SolutionProperties) = preSolution
		HideSolutionNode = FALSE
	EndGlobalSection
	GlobalSection(ExtensibilityGlobals) = postSolution
		SolutionGuid = {EF5DB761-4046-437E-BF86-042A80B7459B}
	EndGlobalSection
EndGlobal
